
Microsoft Visual Studio Solution File, Format Version 12.00
# Visual Studio 15
VisualStudioVersion = 15.0.28010.2016
MinimumVisualStudioVersion = 10.0.40219.1
Project("{FAE04EC0-301F-11D3-BF4B-00C04F79EFBC}") = "WebApplication6", "WebApplication6\WebApplication6.csproj", "{9DA35F08-291B-41B4-BD7D-24FD2FDD2A07}"
EndProject
Global
	GlobalSection(SolutionConfigurationPlatforms) = preSolution
		Debug|Any CPU = Debug|Any CPU
		Release|Any CPU = Release|Any CPU
	EndGlobalSection
	GlobalSection(ProjectConfigurationPlatforms) = postSolution
		{9DA35F08-291B-41B4-BD7D-24FD2FDD2A07}.Debug|Any CPU.ActiveCfg = Debug|Any CPU
		{9DA35F08-291B-41B4-BD7D-24FD2FDD2A07}.Debug|Any CPU.Build.0 = Debug|Any CPU
		{9DA35F08-291B-41B4-BD7D-24FD2FDD2A07}.Release|Any CPU.ActiveCfg = Release|Any CPU
		{9DA35F08-291B-41B4-BD7D-24FD2FDD2A07}.Release|Any CPU.Build.0 = Release|Any CPU
	EndGlobalSection
	GlobalSection(SolutionProperties) = preSolution
		HideSolutionNode = FALSE
	EndGlobalSection
	GlobalSection(ExtensibilityGlobals) = postSolution
		SolutionGuid = {F8782F97-EEAC-4E5C-A685-04148F4C558D}
	EndGlobalSection
EndGlobal
